{
    "_readme": [
        "This file locks the dependencies of your project to a known state",
        "Read more about it at https://getcomposer.org/doc/01-basic-usage.md#installing-dependencies",
        "This file is @generated automatically"
    ],
    "content-hash": "a5dde97b57824793755fc9c213ce9e38",
    "packages": [
        {
            "name": "plasticbrain/php-flash-messages",
            "version": "v1.0.1",
            "source": {
                "type": "git",
                "url": "https://github.com/plasticbrain/PhpFlashMessages.git",
                "reference": "b565762619342057ce561de20d0f2f6e14f9aa77"
            },
            "dist": {
                "type": "zip",
                "url": "https://api.github.com/repos/plasticbrain/PhpFlashMessages/zipball/b565762619342057ce561de20d0f2f6e14f9aa77",
                "reference": "b565762619342057ce561de20d0f2f6e14f9aa77",
                "shasum": ""
            },
            "require": {
                "php": ">=5.4.0"
            },
            "type": "library",
            "autoload": {
                "psr-4": {
                    "Plasticbrain\\FlashMessages\\": "src/"
                }
            },
            "notification-url": "https://packagist.org/downloads/",
            "license": [
                "MIT"
            ],
            "authors": [
                {
                    "name": "Mike Everhart",
                    "email": "mike@plasticbrain.net"
                }
            ],
            "description": "A modern take on PHP session-based flash messages",
            "keywords": [
                "bootstrap",
                "flash",
                "messages",
                "session"
            ],
            "time": "2016-04-01T08:39:38+00:00"
        },
        {
            "name": "rospdf/pdf-php",
            "version": "0.12.57",
            "source": {
                "type": "git",
                "url": "https://github.com/rospdf/pdf-php.git",
                "reference": "27fd23430866bdd7cc84e0c550f8dde52a637186"
            },
            "dist": {
                "type": "zip",
                "url": "https://api.github.com/repos/rospdf/pdf-php/zipball/27fd23430866bdd7cc84e0c550f8dde52a637186",
                "reference": "27fd23430866bdd7cc84e0c550f8dde52a637186",
                "shasum": ""
            },
            "require": {
                "php": ">=5.4.0"
            },
            "require-dev": {
                "phpunit/phpunit": "3.7.38",
                "squizlabs/php_codesniffer": "2.*"
            },
            "type": "library",
            "extra": {
                "branch-alias": {
                    "dev-experimental": "0.13.x-dev",
                    "dev-master": "0.12.x-dev"
                }
            },
            "autoload": {
                "files": [
                    "src/Cpdf.php",
                    "src/Cezpdf.php"
                ]
            },
            "notification-url": "https://packagist.org/downloads/",
            "license": [
                "MIT"
            ],
            "authors": [
                {
                    "name": "Ole Koeckemann",
                    "email": "ole.k@web.de",
                    "role": "Project Head / Developer"
                },
                {
                    "name": "Lars Olesen",
                    "email": "lars@intraface.dk",
                    "role": "Developer"
                },
                {
                    "name": "Sune Jensen",
                    "email": "sj@sunet.dk",
                    "role": "Developer"
                },
                {
                    "name": "Nicola Asuni",
                    "email": "info@tecnick.com",
                    "role": "Developer"
                },
                {
                    "name": "Wayne Munro",
                    "email": "pdf@ros.co.nz",
                    "role": "Founder / Inactive"
                }
            ],
            "description": "The R&OS Pdf class supports the creation of PDF documents without any adiditional modules or extensions.",
            "homepage": "https://github.com/rospdf/pdf-php",
            "time": "2019-09-25T08:03:20+00:00"
        }
    ],
    "packages-dev": [],
    "aliases": [],
    "minimum-stability": "stable",
    "stability-flags": [],
    "prefer-stable": false,
    "prefer-lowest": false,
    "platform": [],
    "platform-dev": []
}
